
Microsoft Visual Studio Solution File, Format Version 12.00
# Visual Studio Version 16
VisualStudioVersion = 16.0.31205.134
MinimumVisualStudioVersion = 10.0.40219.1
Project("{FAE04EC0-301F-11D3-BF4B-00C04F79EFBC}") = "testSanjay", "testSanjay\testSanjay.csproj", "{CDB6A95D-90A8-4DC5-AAE1-3BFC82BA7BA4}"
EndProject
Global
	GlobalSection(SolutionConfigurationPlatforms) = preSolution
		Debug|Any CPU = Debug|Any CPU
		Release|Any CPU = Release|Any CPU
	EndGlobalSection
	GlobalSection(ProjectConfigurationPlatforms) = postSolution
		{CDB6A95D-90A8-4DC5-AAE1-3BFC82BA7BA4}.Debug|Any CPU.ActiveCfg = Debug|Any CPU
		{CDB6A95D-90A8-4DC5-AAE1-3BFC82BA7BA4}.Debug|Any CPU.Build.0 = Debug|Any CPU
		{CDB6A95D-90A8-4DC5-AAE1-3BFC82BA7BA4}.Release|Any CPU.ActiveCfg = Release|Any CPU
		{CDB6A95D-90A8-4DC5-AAE1-3BFC82BA7BA4}.Release|Any CPU.Build.0 = Release|Any CPU
	EndGlobalSection
	GlobalSection(SolutionProperties) = preSolution
		HideSolutionNode = FALSE
	EndGlobalSection
	GlobalSection(ExtensibilityGlobals) = postSolution
		SolutionGuid = {F364F496-6A5D-427D-9839-8EB1A9DF5E9A}
	EndGlobalSection
EndGlobal
